
Microsoft Visual Studio Solution File, Format Version 12.00
# Visual Studio 16
Project("{FAE04EC0-301F-11D3-BF4B-00C04F79EFBC}") = "Assembly-CSharp", "Assembly-CSharp.csproj", "{761688E8-D775-00F9-35BB-383F046C73F6}"
EndProject
Global
	GlobalSection(SolutionConfigurationPlatforms) = preSolution
		Debug|Any CPU = Debug|Any CPU
		Release|Any CPU = Release|Any CPU
	EndGlobalSection
	GlobalSection(ProjectConfigurationPlatforms) = postSolution
		{761688E8-D775-00F9-35BB-383F046C73F6}.Debug|Any CPU.ActiveCfg = Debug|Any CPU
		{761688E8-D775-00F9-35BB-383F046C73F6}.Debug|Any CPU.Build.0 = Debug|Any CPU
		{761688E8-D775-00F9-35BB-383F046C73F6}.Release|Any CPU.ActiveCfg = Release|Any CPU
		{761688E8-D775-00F9-35BB-383F046C73F6}.Release|Any CPU.Build.0 = Release|Any CPU
	EndGlobalSection
	GlobalSection(SolutionProperties) = preSolution
		HideSolutionNode = FALSE
	EndGlobalSection
EndGlobal
